
Microsoft Visual Studio Solution File, Format Version 12.00
# Visual Studio Version 16
VisualStudioVersion = 16.0.30804.86
MinimumVisualStudioVersion = 10.0.40219.1
Project("{9A19103F-16F7-4668-BE54-9A1E7A4F7556}") = "Progress-Quiz", "Progress-Quiz\Progress-Quiz.csproj", "{738B669C-300A-418C-8472-8CBA4B2B34CA}"
EndProject
Project("{2150E333-8FDC-42A3-9474-1A3956D46DE8}") = "Data", "Data", "{E64BAF18-F7EA-48F0-9ED1-5C0C5358827F}"
EndProject
Project("{2150E333-8FDC-42A3-9474-1A3956D46DE8}") = "Web", "Web", "{8155AC76-BC51-4C8E-933E-A4B33B7A5821}"
EndProject
Project("{FAE04EC0-301F-11D3-BF4B-00C04F79EFBC}") = "Progress-Quiz.Data", "Progress-Quiz.Data\Progress-Quiz.Data.csproj", "{7CAF009A-27F6-43BA-BBB9-A0795724911C}"
EndProject
Project("{FAE04EC0-301F-11D3-BF4B-00C04F79EFBC}") = "Progress-Quiz.Models", "Progress-Quiz.Models\Progress-Quiz.Models.csproj", "{796A7516-A51D-4F44-A94F-A8EC2489430E}"
EndProject
Project("{2150E333-8FDC-42A3-9474-1A3956D46DE8}") = "Services", "Services", "{67EA99BE-2E6B-4F39-8E12-E60661D7BC1B}"
EndProject
Project("{FAE04EC0-301F-11D3-BF4B-00C04F79EFBC}") = "Progress-Quiz.Services.Data", "Progress-Quiz.Services.Data\Progress-Quiz.Services.Data.csproj", "{C2E42DFD-DBE4-48FC-8943-F5640CFBA576}"
EndProject
Global
	GlobalSection(SolutionConfigurationPlatforms) = preSolution
		Debug|Any CPU = Debug|Any CPU
		Release|Any CPU = Release|Any CPU
	EndGlobalSection
	GlobalSection(ProjectConfigurationPlatforms) = postSolution
		{738B669C-300A-418C-8472-8CBA4B2B34CA}.Debug|Any CPU.ActiveCfg = Debug|Any CPU
		{738B669C-300A-418C-8472-8CBA4B2B34CA}.Debug|Any CPU.Build.0 = Debug|Any CPU
		{738B669C-300A-418C-8472-8CBA4B2B34CA}.Release|Any CPU.ActiveCfg = Release|Any CPU
		{738B669C-300A-418C-8472-8CBA4B2B34CA}.Release|Any CPU.Build.0 = Release|Any CPU
		{7CAF009A-27F6-43BA-BBB9-A0795724911C}.Debug|Any CPU.ActiveCfg = Debug|Any CPU
		{7CAF009A-27F6-43BA-BBB9-A0795724911C}.Debug|Any CPU.Build.0 = Debug|Any CPU
		{7CAF009A-27F6-43BA-BBB9-A0795724911C}.Release|Any CPU.ActiveCfg = Release|Any CPU
		{7CAF009A-27F6-43BA-BBB9-A0795724911C}.Release|Any CPU.Build.0 = Release|Any CPU
		{796A7516-A51D-4F44-A94F-A8EC2489430E}.Debug|Any CPU.ActiveCfg = Debug|Any CPU
		{796A7516-A51D-4F44-A94F-A8EC2489430E}.Debug|Any CPU.Build.0 = Debug|Any CPU
		{796A7516-A51D-4F44-A94F-A8EC2489430E}.Release|Any CPU.ActiveCfg = Release|Any CPU
		{796A7516-A51D-4F44-A94F-A8EC2489430E}.Release|Any CPU.Build.0 = Release|Any CPU
		{C2E42DFD-DBE4-48FC-8943-F5640CFBA576}.Debug|Any CPU.ActiveCfg = Debug|Any CPU
		{C2E42DFD-DBE4-48FC-8943-F5640CFBA576}.Debug|Any CPU.Build.0 = Debug|Any CPU
		{C2E42DFD-DBE4-48FC-8943-F5640CFBA576}.Release|Any CPU.ActiveCfg = Release|Any CPU
		{C2E42DFD-DBE4-48FC-8943-F5640CFBA576}.Release|Any CPU.Build.0 = Release|Any CPU
	EndGlobalSection
	GlobalSection(SolutionProperties) = preSolution
		HideSolutionNode = FALSE
	EndGlobalSection
	GlobalSection(NestedProjects) = preSolution
		{738B669C-300A-418C-8472-8CBA4B2B34CA} = {8155AC76-BC51-4C8E-933E-A4B33B7A5821}
		{7CAF009A-27F6-43BA-BBB9-A0795724911C} = {E64BAF18-F7EA-48F0-9ED1-5C0C5358827F}
		{796A7516-A51D-4F44-A94F-A8EC2489430E} = {E64BAF18-F7EA-48F0-9ED1-5C0C5358827F}
		{C2E42DFD-DBE4-48FC-8943-F5640CFBA576} = {67EA99BE-2E6B-4F39-8E12-E60661D7BC1B}
	EndGlobalSection
	GlobalSection(ExtensibilityGlobals) = postSolution
		SolutionGuid = {0FB6667C-7FA8-4BEB-BD57-01AC49691A78}
	EndGlobalSection
EndGlobal
